// !$*UTF8*$!
{
	archiveVersion = 1;
	classes = {
	};
	objectVersion = 56;
	objects = {

/* Begin PBXBuildFile section */
		3D3E3B7C2AD57A3200D530AB /* NoCupsScreen.swift in Sources */ = {isa = PBXBuildFile; fileRef = 3D3E3B7B2AD57A3200D530AB /* NoCupsScreen.swift */; };
		3DD792A62ACEDF8B001EF8EC /* WaterTracker1App.swift in Sources */ = {isa = PBXBuildFile; fileRef = 3DD792A52ACEDF8B001EF8EC /* WaterTracker1App.swift */; };
		3DD792A82ACEDF8B001EF8EC /* ContentView.swift in Sources */ = {isa = PBXBuildFile; fileRef = 3DD792A72ACEDF8B001EF8EC /* ContentView.swift */; };
		3DD792AA2ACEDF8C001EF8EC /* Assets.xcassets in Resources */ = {isa = PBXBuildFile; fileRef = 3DD792A92ACEDF8C001EF8EC /* Assets.xcassets */; };
		3DD792AD2ACEDF8C001EF8EC /* Preview Assets.xcassets in Resources */ = {isa = PBXBuildFile; fileRef = 3DD792AC2ACEDF8C001EF8EC /* Preview Assets.xcassets */; };
		3DD792B72ACEDF8D001EF8EC /* WaterTracker1Tests.swift in Sources */ = {isa = PBXBuildFile; fileRef = 3DD792B62ACEDF8D001EF8EC /* WaterTracker1Tests.swift */; };
		3DD792C12ACEDF8D001EF8EC /* WaterTracker1UITests.swift in Sources */ = {isa = PBXBuildFile; fileRef = 3DD792C02ACEDF8D001EF8EC /* WaterTracker1UITests.swift */; };
		3DD792C32ACEDF8D001EF8EC /* WaterTracker1UITestsLaunchTests.swift in Sources */ = {isa = PBXBuildFile; fileRef = 3DD792C22ACEDF8D001EF8EC /* WaterTracker1UITestsLaunchTests.swift */; };
/* End PBXBuildFile section */

/* Begin PBXContainerItemProxy section */
		3DD792B32ACEDF8D001EF8EC /* PBXContainerItemProxy */ = {
			isa = PBXContainerItemProxy;
			containerPortal = 3DD7929A2ACEDF8B001EF8EC /* Project object */;
			proxyType = 1;
			remoteGlobalIDString = 3DD792A12ACEDF8B001EF8EC;
			remoteInfo = WaterTracker1;
		};
		3DD792BD2ACEDF8D001EF8EC /* PBXContainerItemProxy */ = {
			isa = PBXContainerItemProxy;
			containerPortal = 3DD7929A2ACEDF8B001EF8EC /* Project object */;
			proxyType = 1;
			remoteGlobalIDString = 3DD792A12ACEDF8B001EF8EC;
			remoteInfo = WaterTracker1;
		};
/* End PBXContainerItemProxy section */

/* Begin PBXFileReference section */
		3D3E3B7B2AD57A3200D530AB /* NoCupsScreen.swift */ = {isa = PBXFileReference; lastKnownFileType = sourcecode.swift; path = NoCupsScreen.swift; sourceTree = "<group>"; };
		3DD792A22ACEDF8B001EF8EC /* WaterTracker1.app */ = {isa = PBXFileReference; explicitFileType = wrapper.application; includeInIndex = 0; path = WaterTracker1.app; sourceTree = BUILT_PRODUCTS_DIR; };
		3DD792A52ACEDF8B001EF8EC /* WaterTracker1App.swift */ = {isa = PBXFileReference; lastKnownFileType = sourcecode.swift; path = WaterTracker1App.swift; sourceTree = "<group>"; };
		3DD792A72ACEDF8B001EF8EC /* ContentView.swift */ = {isa = PBXFileReference; lastKnownFileType = sourcecode.swift; path = ContentView.swift; sourceTree = "<group>"; };
		3DD792A92ACEDF8C001EF8EC /* Assets.xcassets */ = {isa = PBXFileReference; lastKnownFileType = folder.assetcatalog; path = Assets.xcassets; sourceTree = "<group>"; };
		3DD792AC2ACEDF8C001EF8EC /* Preview Assets.xcassets */ = {isa = PBXFileReference; lastKnownFileType = folder.assetcatalog; path = "Preview Assets.xcassets"; sourceTree = "<group>"; };
		3DD792B22ACEDF8D001EF8EC /* WaterTracker1Tests.xctest */ = {isa = PBXFileReference; explicitFileType = wrapper.cfbundle; includeInIndex = 0; path = WaterTracker1Tests.xctest; sourceTree = BUILT_PRODUCTS_DIR; };
		3DD792B62ACEDF8D001EF8EC /* WaterTracker1Tests.swift */ = {isa = PBXFileReference; lastKnownFileType = sourcecode.swift; path = WaterTracker1Tests.swift; sourceTree = "<group>"; };
		3DD792BC2ACEDF8D001EF8EC /* WaterTracker1UITests.xctest */ = {isa = PBXFileReference; explicitFileType = wrapper.cfbundle; includeInIndex = 0; path = WaterTracker1UITests.xctest; sourceTree = BUILT_PRODUCTS_DIR; };
		3DD792C02ACEDF8D001EF8EC /* WaterTracker1UITests.swift */ = {isa = PBXFileReference; lastKnownFileType = sourcecode.swift; path = WaterTracker1UITests.swift; sourceTree = "<group>"; };
		3DD792C22ACEDF8D001EF8EC /* WaterTracker1UITestsLaunchTests.swift */ = {isa = PBXFileReference; lastKnownFileType = sourcecode.swift; path = WaterTracker1UITestsLaunchTests.swift; sourceTree = "<group>"; };
/* End PBXFileReference section */

/* Begin PBXFrameworksBuildPhase section */
		3DD7929F2ACEDF8B001EF8EC /* Frameworks */ = {
			isa = PBXFrameworksBuildPhase;
			buildActionMask = 2147483647;
			files = (
			);
			runOnlyForDeploymentPostprocessing = 0;
		};
		3DD792AF2ACEDF8D001EF8EC /* Frameworks */ = {
			isa = PBXFrameworksBuildPhase;
			buildActionMask = 2147483647;
			files = (
			);
			runOnlyForDeploymentPostprocessing = 0;
		};
		3DD792B92ACEDF8D001EF8EC /* Frameworks */ = {
			isa = PBXFrameworksBuildPhase;
			buildActionMask = 2147483647;
			files = (
			);
			runOnlyForDeploymentPostprocessing = 0;
		};
/* End PBXFrameworksBuildPhase section */

/* Begin PBXGroup section */
		3DD792992ACEDF8B001EF8EC = {
			isa = PBXGroup;
			children = (
				3DD792A42ACEDF8B001EF8EC /* WaterTracker1 */,
				3DD792B52ACEDF8D001EF8EC /* WaterTracker1Tests */,
				3DD792BF2ACEDF8D001EF8EC /* WaterTracker1UITests */,
				3DD792A32ACEDF8B001EF8EC /* Products */,
			);
			sourceTree = "<group>";
		};
		3DD792A32ACEDF8B001EF8EC /* Products */ = {
			isa = PBXGroup;
			children = (
				3DD792A22ACEDF8B001EF8EC /* WaterTracker1.app */,
				3DD792B22ACEDF8D001EF8EC /* WaterTracker1Tests.xctest */,
				3DD792BC2ACEDF8D001EF8EC /* WaterTracker1UITests.xctest */,
			);
			name = Products;
			sourceTree = "<group>";
		};
		3DD792A42ACEDF8B001EF8EC /* WaterTracker1 */ = {
			isa = PBXGroup;
			children = (
				3DD792A52ACEDF8B001EF8EC /* WaterTracker1App.swift */,
				3DD792A72ACEDF8B001EF8EC /* ContentView.swift */,
				3D3E3B7B2AD57A3200D530AB /* NoCupsScreen.swift */,
				3DD792A92ACEDF8C001EF8EC /* Assets.xcassets */,
				3DD792AB2ACEDF8C001EF8EC /* Preview Content */,
			);
			path = WaterTracker1;
			sourceTree = "<group>";
		};
		3DD792AB2ACEDF8C001EF8EC /* Preview Content */ = {
			isa = PBXGroup;
			children = (
				3DD792AC2ACEDF8C001EF8EC /* Preview Assets.xcassets */,
			);
			path = "Preview Content";
			sourceTree = "<group>";
		};
		3DD792B52ACEDF8D001EF8EC /* WaterTracker1Tests */ = {
			isa = PBXGroup;
			children = (
				3DD792B62ACEDF8D001EF8EC /* WaterTracker1Tests.swift */,
			);
			path = WaterTracker1Tests;
			sourceTree = "<group>";
		};
		3DD792BF2ACEDF8D001EF8EC /* WaterTracker1UITests */ = {
			isa = PBXGroup;
			children = (
				3DD792C02ACEDF8D001EF8EC /* WaterTracker1UITests.swift */,
				3DD792C22ACEDF8D001EF8EC /* WaterTracker1UITestsLaunchTests.swift */,
			);
			path = WaterTracker1UITests;
			sourceTree = "<group>";
		};
/* End PBXGroup section */

/* Begin PBXNativeTarget section */
		3DD792A12ACEDF8B001EF8EC /* WaterTracker1 */ = {
			isa = PBXNativeTarget;
			buildConfigurationList = 3DD792C62ACEDF8D001EF8EC /* Build configuration list for PBXNativeTarget "WaterTracker1" */;
			buildPhases = (
				3DD7929E2ACEDF8B001EF8EC /* Sources */,
				3DD7929F2ACEDF8B001EF8EC /* Frameworks */,
				3DD792A02ACEDF8B001EF8EC /* Resources */,
			);
			buildRules = (
			);
			dependencies = (
			);
			name = WaterTracker1;
			productName = WaterTracker1;
			productReference = 3DD792A22ACEDF8B001EF8EC /* WaterTracker1.app */;
			productType = "com.apple.product-type.application";
		};
		3DD792B12ACEDF8D001EF8EC /* WaterTracker1Tests */ = {
			isa = PBXNativeTarget;
			buildConfigurationList = 3DD792C92ACEDF8D001EF8EC /* Build configuration list for PBXNativeTarget "WaterTracker1Tests" */;
			buildPhases = (
				3DD792AE2ACEDF8D001EF8EC /* Sources */,
				3DD792AF2ACEDF8D001EF8EC /* Frameworks */,
				3DD792B02ACEDF8D001EF8EC /* Resources */,
			);
			buildRules = (
			);
			dependencies = (
				3DD792B42ACEDF8D001EF8EC /* PBXTargetDependency */,
			);
			name = WaterTracker1Tests;
			productName = WaterTracker1Tests;
			productReference = 3DD792B22ACEDF8D001EF8EC /* WaterTracker1Tests.xctest */;
			productType = "com.apple.product-type.bundle.unit-test";
		};
		3DD792BB2ACEDF8D001EF8EC /* WaterTracker1UITests */ = {
			isa = PBXNativeTarget;
			buildConfigurationList = 3DD792CC2ACEDF8D001EF8EC /* Build configuration list for PBXNativeTarget "WaterTracker1UITests" */;
			buildPhases = (
				3DD792B82ACEDF8D001EF8EC /* Sources */,
				3DD792B92ACEDF8D001EF8EC /* Frameworks */,
				3DD792BA2ACEDF8D001EF8EC /* Resources */,
			);
			buildRules = (
			);
			dependencies = (
				3DD792BE2ACEDF8D001EF8EC /* PBXTargetDependency */,
			);
			name = WaterTracker1UITests;
			productName = WaterTracker1UITests;
			productReference = 3DD792BC2ACEDF8D001EF8EC /* WaterTracker1UITests.xctest */;
			productType = "com.apple.product-type.bundle.ui-testing";
		};
/* End PBXNativeTarget section */

/* Begin PBXProject section */
		3DD7929A2ACEDF8B001EF8EC /* Project object */ = {
			isa = PBXProject;
			attributes = {
				BuildIndependentTargetsInParallel = 1;
				LastSwiftUpdateCheck = 1500;
				LastUpgradeCheck = 1500;
				TargetAttributes = {
					3DD792A12ACEDF8B001EF8EC = {
						CreatedOnToolsVersion = 15.0;
					};
					3DD792B12ACEDF8D001EF8EC = {
						CreatedOnToolsVersion = 15.0;
						TestTargetID = 3DD792A12ACEDF8B001EF8EC;
					};
					3DD792BB2ACEDF8D001EF8EC = {
						CreatedOnToolsVersion = 15.0;
						TestTargetID = 3DD792A12ACEDF8B001EF8EC;
					};
				};
			};
			buildConfigurationList = 3DD7929D2ACEDF8B001EF8EC /* Build configuration list for PBXProject "WaterTracker1" */;
			compatibilityVersion = "Xcode 14.0";
			developmentRegion = en;
			hasScannedForEncodings = 0;
			knownRegions = (
				en,
				Base,
			);
			mainGroup = 3DD792992ACEDF8B001EF8EC;
			productRefGroup = 3DD792A32ACEDF8B001EF8EC /* Products */;
			projectDirPath = "";
			projectRoot = "";
			targets = (
				3DD792A12ACEDF8B001EF8EC /* WaterTracker1 */,
				3DD792B12ACEDF8D001EF8EC /* WaterTracker1Tests */,
				3DD792BB2ACEDF8D001EF8EC /* WaterTracker1UITests */,
			);
		};
/* End PBXProject section */

/* Begin PBXResourcesBuildPhase section */
		3DD792A02ACEDF8B001EF8EC /* Resources */ = {
			isa = PBXResourcesBuildPhase;
			buildActionMask = 2147483647;
			files = (
				3DD792AD2ACEDF8C001EF8EC /* Preview Assets.xcassets in Resources */,
				3DD792AA2ACEDF8C001EF8EC /* Assets.xcassets in Resources */,
			);
			runOnlyForDeploymentPostprocessing = 0;
		};
		3DD792B02ACEDF8D001EF8EC /* Resources */ = {
			isa = PBXResourcesBuildPhase;
			buildActionMask = 2147483647;
			files = (
			);
			runOnlyForDeploymentPostprocessing = 0;
		};
		3DD792BA2ACEDF8D001EF8EC /* Resources */ = {
			isa = PBXResourcesBuildPhase;
			buildActionMask = 2147483647;
			files = (
			);
			runOnlyForDeploymentPostprocessing = 0;
		};
/* End PBXResourcesBuildPhase section */

/* Begin PBXSourcesBuildPhase section */
		3DD7929E2ACEDF8B001EF8EC /* Sources */ = {
			isa = PBXSourcesBuildPhase;
			buildActionMask = 2147483647;
			files = (
				3DD792A82ACEDF8B001EF8EC /* ContentView.swift in Sources */,
				3D3E3B7C2AD57A3200D530AB /* NoCupsScreen.swift in Sources */,
				3DD792A62ACEDF8B001EF8EC /* WaterTracker1App.swift in Sources */,
			);
			runOnlyForDeploymentPostprocessing = 0;
		};
		3DD792AE2ACEDF8D001EF8EC /* Sources */ = {
			isa = PBXSourcesBuildPhase;
			buildActionMask = 2147483647;
			files = (
				3DD792B72ACEDF8D001EF8EC /* WaterTracker1Tests.swift in Sources */,
			);
			runOnlyForDeploymentPostprocessing = 0;
		};
		3DD792B82ACEDF8D001EF8EC /* Sources */ = {
			isa = PBXSourcesBuildPhase;
			buildActionMask = 2147483647;
			files = (
				3DD792C12ACEDF8D001EF8EC /* WaterTracker1UITests.swift in Sources */,
				3DD792C32ACEDF8D001EF8EC /* WaterTracker1UITestsLaunchTests.swift in Sources */,
			);
			runOnlyForDeploymentPostprocessing = 0;
		};
/* End PBXSourcesBuildPhase section */

/* Begin PBXTargetDependency section */
		3DD792B42ACEDF8D001EF8EC /* PBXTargetDependency */ = {
			isa = PBXTargetDependency;
			target = 3DD792A12ACEDF8B001EF8EC /* WaterTracker1 */;
			targetProxy = 3DD792B32ACEDF8D001EF8EC /* PBXContainerItemProxy */;
		};
		3DD792BE2ACEDF8D001EF8EC /* PBXTargetDependency */ = {
			isa = PBXTargetDependency;
			target = 3DD792A12ACEDF8B001EF8EC /* WaterTracker1 */;
			targetProxy = 3DD792BD2ACEDF8D001EF8EC /* PBXContainerItemProxy */;
		};
/* End PBXTargetDependency section */

/* Begin XCBuildConfiguration section */
		3DD792C42ACEDF8D001EF8EC /* Debug */ = {
			isa = XCBuildConfiguration;
			buildSettings = {
				ALWAYS_SEARCH_USER_PATHS = NO;
				ASSETCATALOG_COMPILER_GENERATE_SWIFT_ASSET_SYMBOL_EXTENSIONS = YES;
				CLANG_ANALYZER_NONNULL = YES;
				CLANG_ANALYZER_NUMBER_OBJECT_CONVERSION = YES_AGGRESSIVE;
				CLANG_CXX_LANGUAGE_STANDARD = "gnu++20";
				CLANG_ENABLE_MODULES = YES;
				CLANG_ENABLE_OBJC_ARC = YES;
				CLANG_ENABLE_OBJC_WEAK = YES;
				CLANG_WARN_BLOCK_CAPTURE_AUTORELEASING = YES;
				CLANG_WARN_BOOL_CONVERSION = YES;
				CLANG_WARN_COMMA = YES;
				CLANG_WARN_CONSTANT_CONVERSION = YES;
				CLANG_WARN_DEPRECATED_OBJC_IMPLEMENTATIONS = YES;
				CLANG_WARN_DIRECT_OBJC_ISA_USAGE = YES_ERROR;
				CLANG_WARN_DOCUMENTATION_COMMENTS = YES;
				CLANG_WARN_EMPTY_BODY = YES;
				CLANG_WARN_ENUM_CONVERSION = YES;
				CLANG_WARN_INFINITE_RECURSION = YES;
				CLANG_WARN_INT_CONVERSION = YES;
				CLANG_WARN_NON_LITERAL_NULL_CONVERSION = YES;
				CLANG_WARN_OBJC_IMPLICIT_RETAIN_SELF = YES;
				CLANG_WARN_OBJC_LITERAL_CONVERSION = YES;
				CLANG_WARN_OBJC_ROOT_CLASS = YES_ERROR;
				CLANG_WARN_QUOTED_INCLUDE_IN_FRAMEWORK_HEADER = YES;
				CLANG_WARN_RANGE_LOOP_ANALYSIS = YES;
				CLANG_WARN_STRICT_PROTOTYPES = YES;
				CLANG_WARN_SUSPICIOUS_MOVE = YES;
				CLANG_WARN_UNGUARDED_AVAILABILITY = YES_AGGRESSIVE;
				CLANG_WARN_UNREACHABLE_CODE = YES;
				CLANG_WARN__DUPLICATE_METHOD_MATCH = YES;
				COPY_PHASE_STRIP = NO;
				DEBUG_INFORMATION_FORMAT = dwarf;
				ENABLE_STRICT_OBJC_MSGSEND = YES;
				ENABLE_TESTABILITY = YES;
				ENABLE_USER_SCRIPT_SANDBOXING = YES;
				GCC_C_LANGUAGE_STANDARD = gnu17;
				GCC_DYNAMIC_NO_PIC = NO;
				GCC_NO_COMMON_BLOCKS = YES;
				GCC_OPTIMIZATION_LEVEL = 0;
				GCC_PREPROCESSOR_DEFINITIONS = (
					"DEBUG=1",
					"$(inherited)",
				);
				GCC_WARN_64_TO_32_BIT_CONVERSION = YES;
				GCC_WARN_ABOUT_RETURN_TYPE = YES_ERROR;
				GCC_WARN_UNDECLARED_SELECTOR = YES;
				GCC_WARN_UNINITIALIZED_AUTOS = YES_AGGRESSIVE;
				GCC_WARN_UNUSED_FUNCTION = YES;
				GCC_WARN_UNUSED_VARIABLE = YES;
				IPHONEOS_DEPLOYMENT_TARGET = 17.0;
				LOCALIZATION_PREFERS_STRING_CATALOGS = YES;
				MTL_ENABLE_DEBUG_INFO = INCLUDE_SOURCE;
				MTL_FAST_MATH = YES;
				ONLY_ACTIVE_ARCH = YES;
				SDKROOT = iphoneos;
				SWIFT_ACTIVE_COMPILATION_CONDITIONS = "DEBUG $(inherited)";
				SWIFT_OPTIMIZATION_LEVEL = "-Onone";
			};
			name = Debug;
		};
		3DD792C52ACEDF8D001EF8EC /* Release */ = {
			isa = XCBuildConfiguration;
			buildSettings = {
				ALWAYS_SEARCH_USER_PATHS = NO;
				ASSETCATALOG_COMPILER_GENERATE_SWIFT_ASSET_SYMBOL_EXTENSIONS = YES;
				CLANG_ANALYZER_NONNULL = YES;
				CLANG_ANALYZER_NUMBER_OBJECT_CONVERSION = YES_AGGRESSIVE;
				CLANG_CXX_LANGUAGE_STANDARD = "gnu++20";
				CLANG_ENABLE_MODULES = YES;
				CLANG_ENABLE_OBJC_ARC = YES;
				CLANG_ENABLE_OBJC_WEAK = YES;
				CLANG_WARN_BLOCK_CAPTURE_AUTORELEASING = YES;
				CLANG_WARN_BOOL_CONVERSION = YES;
				CLANG_WARN_COMMA = YES;
				CLANG_WARN_CONSTANT_CONVERSION = YES;
				CLANG_WARN_DEPRECATED_OBJC_IMPLEMENTATIONS = YES;
				CLANG_WARN_DIRECT_OBJC_ISA_USAGE = YES_ERROR;
				CLANG_WARN_DOCUMENTATION_COMMENTS = YES;
				CLANG_WARN_EMPTY_BODY = YES;
				CLANG_WARN_ENUM_CONVERSION = YES;
				CLANG_WARN_INFINITE_RECURSION = YES;
				CLANG_WARN_INT_CONVERSION = YES;
				CLANG_WARN_NON_LITERAL_NULL_CONVERSION = YES;
				CLANG_WARN_OBJC_IMPLICIT_RETAIN_SELF = YES;
				CLANG_WARN_OBJC_LITERAL_CONVERSION = YES;
				CLANG_WARN_OBJC_ROOT_CLASS = YES_ERROR;
				CLANG_WARN_QUOTED_INCLUDE_IN_FRAMEWORK_HEADER = YES;
				CLANG_WARN_RANGE_LOOP_ANALYSIS = YES;
				CLANG_WARN_STRICT_PROTOTYPES = YES;
				CLANG_WARN_SUSPICIOUS_MOVE = YES;
				CLANG_WARN_UNGUARDED_AVAILABILITY = YES_AGGRESSIVE;
				CLANG_WARN_UNREACHABLE_CODE = YES;
				CLANG_WARN__DUPLICATE_METHOD_MATCH = YES;
				COPY_PHASE_STRIP = NO;
				DEBUG_INFORMATION_FORMAT = "dwarf-with-dsym";
				ENABLE_NS_ASSERTIONS = NO;
				ENABLE_STRICT_OBJC_MSGSEND = YES;
				ENABLE_USER_SCRIPT_SANDBOXING = YES;
				GCC_C_LANGUAGE_STANDARD = gnu17;
				GCC_NO_COMMON_BLOCKS = YES;
				GCC_WARN_64_TO_32_BIT_CONVERSION = YES;
				GCC_WARN_ABOUT_RETURN_TYPE = YES_ERROR;
				GCC_WARN_UNDECLARED_SELECTOR = YES;
				GCC_WARN_UNINITIALIZED_AUTOS = YES_AGGRESSIVE;
				GCC_WARN_UNUSED_FUNCTION = YES;
				GCC_WARN_UNUSED_VARIABLE = YES;
				IPHONEOS_DEPLOYMENT_TARGET = 17.0;
				LOCALIZATION_PREFERS_STRING_CATALOGS = YES;
				MTL_ENABLE_DEBUG_INFO = NO;
				MTL_FAST_MATH = YES;
				SDKROOT = iphoneos;
				SWIFT_COMPILATION_MODE = wholemodule;
				VALIDATE_PRODUCT = YES;
			};
			name = Release;
		};
		3DD792C72ACEDF8D001EF8EC /* Debug */ = {
			isa = XCBuildConfiguration;
			buildSettings = {
				ASSETCATALOG_COMPILER_APPICON_NAME = AppIcon;
				ASSETCATALOG_COMPILER_GLOBAL_ACCENT_COLOR_NAME = AccentColor;
				CODE_SIGN_STYLE = Automatic;
				CURRENT_PROJECT_VERSION = 1;
				DEVELOPMENT_ASSET_PATHS = "\"WaterTracker1/Preview Content\"";
				ENABLE_PREVIEWS = YES;
				GENERATE_INFOPLIST_FILE = YES;
				INFOPLIST_KEY_UIApplicationSceneManifest_Generation = YES;
				INFOPLIST_KEY_UIApplicationSupportsIndirectInputEvents = YES;
				INFOPLIST_KEY_UILaunchScreen_Generation = YES;
				INFOPLIST_KEY_UISupportedInterfaceOrientations_iPad = "UIInterfaceOrientationPortrait UIInterfaceOrientationPortraitUpsideDown UIInterfaceOrientationLandscapeLeft UIInterfaceOrientationLandscapeRight";
				INFOPLIST_KEY_UISupportedInterfaceOrientations_iPhone = "UIInterfaceOrientationPortrait UIInterfaceOrientationLandscapeLeft UIInterfaceOrientationLandscapeRight";
				LD_RUNPATH_SEARCH_PATHS = (
					"$(inherited)",
					"@executable_path/Frameworks",
				);
				MARKETING_VERSION = 1.0;
				PRODUCT_BUNDLE_IDENTIFIER = com.amal.WaterTracker1;
				PRODUCT_NAME = "$(TARGET_NAME)";
				SWIFT_EMIT_LOC_STRINGS = YES;
				SWIFT_VERSION = 5.0;
				TARGETED_DEVICE_FAMILY = "1,2";
			};
			name = Debug;
		};
		3DD792C82ACEDF8D001EF8EC /* Release */ = {
			isa = XCBuildConfiguration;
			buildSettings = {
				ASSETCATALOG_COMPILER_APPICON_NAME = AppIcon;
				ASSETCATALOG_COMPILER_GLOBAL_ACCENT_COLOR_NAME = AccentColor;
				CODE_SIGN_STYLE = Automatic;
				CURRENT_PROJECT_VERSION = 1;
				DEVELOPMENT_ASSET_PATHS = "\"WaterTracker1/Preview Content\"";
				ENABLE_PREVIEWS = YES;
				GENERATE_INFOPLIST_FILE = YES;
				INFOPLIST_KEY_UIApplicationSceneManifest_Generation = YES;
				INFOPLIST_KEY_UIApplicationSupportsIndirectInputEvents = YES;
				INFOPLIST_KEY_UILaunchScreen_Generation = YES;
				INFOPLIST_KEY_UISupportedInterfaceOrientations_iPad = "UIInterfaceOrientationPortrait UIInterfaceOrientationPortraitUpsideDown UIInterfaceOrientationLandscapeLeft UIInterfaceOrientationLandscapeRight";
				INFOPLIST_KEY_UISupportedInterfaceOrientations_iPhone = "UIInterfaceOrientationPortrait UIInterfaceOrientationLandscapeLeft UIInterfaceOrientationLandscapeRight";
				LD_RUNPATH_SEARCH_PATHS = (
					"$(inherited)",
					"@executable_path/Frameworks",
				);
				MARKETING_VERSION = 1.0;
				PRODUCT_BUNDLE_IDENTIFIER = com.amal.WaterTracker1;
				PRODUCT_NAME = "$(TARGET_NAME)";
				SWIFT_EMIT_LOC_STRINGS = YES;
				SWIFT_VERSION = 5.0;
				TARGETED_DEVICE_FAMILY = "1,2";
			};
			name = Release;
		};
		3DD792CA2ACEDF8D001EF8EC /* Debug */ = {
			isa = XCBuildConfiguration;
			buildSettings = {
				ALWAYS_EMBED_SWIFT_STANDARD_LIBRARIES = YES;
				BUNDLE_LOADER = "$(TEST_HOST)";
				CODE_SIGN_STYLE = Automatic;
				CURRENT_PROJECT_VERSION = 1;
				GENERATE_INFOPLIST_FILE = YES;
				IPHONEOS_DEPLOYMENT_TARGET = 17.0;
				MARKETING_VERSION = 1.0;
				PRODUCT_BUNDLE_IDENTIFIER = com.amal.WaterTracker1Tests;
				PRODUCT_NAME = "$(TARGET_NAME)";
				SWIFT_EMIT_LOC_STRINGS = NO;
				SWIFT_VERSION = 5.0;
				TARGETED_DEVICE_FAMILY = "1,2";
				TEST_HOST = "$(BUILT_PRODUCTS_DIR)/WaterTracker1.app/$(BUNDLE_EXECUTABLE_FOLDER_PATH)/WaterTracker1";
			};
			name = Debug;
		};
		3DD792CB2ACEDF8D001EF8EC /* Release */ = {
			isa = XCBuildConfiguration;
			buildSettings = {
				ALWAYS_EMBED_SWIFT_STANDARD_LIBRARIES = YES;
				BUNDLE_LOADER = "$(TEST_HOST)";
				CODE_SIGN_STYLE = Automatic;
				CURRENT_PROJECT_VERSION = 1;
				GENERATE_INFOPLIST_FILE = YES;
				IPHONEOS_DEPLOYMENT_TARGET = 17.0;
				MARKETING_VERSION = 1.0;
				PRODUCT_BUNDLE_IDENTIFIER = com.amal.WaterTracker1Tests;
				PRODUCT_NAME = "$(TARGET_NAME)";
				SWIFT_EMIT_LOC_STRINGS = NO;
				SWIFT_VERSION = 5.0;
				TARGETED_DEVICE_FAMILY = "1,2";
				TEST_HOST = "$(BUILT_PRODUCTS_DIR)/WaterTracker1.app/$(BUNDLE_EXECUTABLE_FOLDER_PATH)/WaterTracker1";
			};
			name = Release;
		};
		3DD792CD2ACEDF8D001EF8EC /* Debug */ = {
			isa = XCBuildConfiguration;
			buildSettings = {
				ALWAYS_EMBED_SWIFT_STANDARD_LIBRARIES = YES;
				CODE_SIGN_STYLE = Automatic;
				CURRENT_PROJECT_VERSION = 1;
				GENERATE_INFOPLIST_FILE = YES;
				MARKETING_VERSION = 1.0;
				PRODUCT_BUNDLE_IDENTIFIER = com.amal.WaterTracker1UITests;
				PRODUCT_NAME = "$(TARGET_NAME)";
				SWIFT_EMIT_LOC_STRINGS = NO;
				SWIFT_VERSION = 5.0;
				TARGETED_DEVICE_FAMILY = "1,2";
				TEST_TARGET_NAME = WaterTracker1;
			};
			name = Debug;
		};
		3DD792CE2ACEDF8D001EF8EC /* Release */ = {
			isa = XCBuildConfiguration;
			buildSettings = {
				ALWAYS_EMBED_SWIFT_STANDARD_LIBRARIES = YES;
				CODE_SIGN_STYLE = Automatic;
				CURRENT_PROJECT_VERSION = 1;
				GENERATE_INFOPLIST_FILE = YES;
				MARKETING_VERSION = 1.0;
				PRODUCT_BUNDLE_IDENTIFIER = com.amal.WaterTracker1UITests;
				PRODUCT_NAME = "$(TARGET_NAME)";
				SWIFT_EMIT_LOC_STRINGS = NO;
				SWIFT_VERSION = 5.0;
				TARGETED_DEVICE_FAMILY = "1,2";
				TEST_TARGET_NAME = WaterTracker1;
			};
			name = Release;
		};
/* End XCBuildConfiguration section */

/* Begin XCConfigurationList section */
		3DD7929D2ACEDF8B001EF8EC /* Build configuration list for PBXProject "WaterTracker1" */ = {
			isa = XCConfigurationList;
			buildConfigurations = (
				3DD792C42ACEDF8D001EF8EC /* Debug */,
				3DD792C52ACEDF8D001EF8EC /* Release */,
			);
			defaultConfigurationIsVisible = 0;
			defaultConfigurationName = Release;
		};
		3DD792C62ACEDF8D001EF8EC /* Build configuration list for PBXNativeTarget "WaterTracker1" */ = {
			isa = XCConfigurationList;
			buildConfigurations = (
				3DD792C72ACEDF8D001EF8EC /* Debug */,
				3DD792C82ACEDF8D001EF8EC /* Release */,
			);
			defaultConfigurationIsVisible = 0;
			defaultConfigurationName = Release;
		};
		3DD792C92ACEDF8D001EF8EC /* Build configuration list for PBXNativeTarget "WaterTracker1Tests" */ = {
			isa = XCConfigurationList;
			buildConfigurations = (
				3DD792CA2ACEDF8D001EF8EC /* Debug */,
				3DD792CB2ACEDF8D001EF8EC /* Release */,
			);
			defaultConfigurationIsVisible = 0;
			defaultConfigurationName = Release;
		};
		3DD792CC2ACEDF8D001EF8EC /* Build configuration list for PBXNativeTarget "WaterTracker1UITests" */ = {
			isa = XCConfigurationList;
			buildConfigurations = (
				3DD792CD2ACEDF8D001EF8EC /* Debug */,
				3DD792CE2ACEDF8D001EF8EC /* Release */,
			);
			defaultConfigurationIsVisible = 0;
			defaultConfigurationName = Release;
		};
/* End XCConfigurationList section */
	};
	rootObject = 3DD7929A2ACEDF8B001EF8EC /* Project object */;
}
